
Microsoft Visual Studio Solution File, Format Version 12.00
# Visual Studio 15
VisualStudioVersion = 15.0.26403.0
MinimumVisualStudioVersion = 10.0.40219.1
Project("{D954291E-2A0B-460D-934E-DC6B0785DB48}") = "Project 4", "Project 4\Project 4.shproj", "{E8F19BD1-6FB5-4068-B0ED-A8DC7041C1AA}"
EndProject
Global
	GlobalSection(SharedMSBuildProjectFiles) = preSolution
		Project 4\Project 4.projitems*{e8f19bd1-6fb5-4068-b0ed-a8dc7041c1aa}*SharedItemsImports = 13
	EndGlobalSection
	GlobalSection(SolutionProperties) = preSolution
		HideSolutionNode = FALSE
	EndGlobalSection
EndGlobal
